Microsoft Visual Studio Solution File, Format Version 12.00
# Visual Studio Version 17
VisualStudioVersion = 17.5.2.0
MinimumVisualStudioVersion = 10.0.40219.1
Project("{2150E333-8FDC-42A3-9474-1A3956D46DE8}") = "env", "env", "{16CB69B2-0419-FDDD-29AD-0C58FA89E8D4}"
EndProject
Project("{2150E333-8FDC-42A3-9474-1A3956D46DE8}") = "venv", "venv", "{05F94FD3-B77B-E2F0-500B-568E6F852E0C}"
EndProject
Project("{2150E333-8FDC-42A3-9474-1A3956D46DE8}") = "Lib", "Lib", "{AF884F55-EFD9-B56F-6177-079ADAE21870}"
EndProject
Project("{2150E333-8FDC-42A3-9474-1A3956D46DE8}") = "site-packages", "site-packages", "{19FF5FE6-C431-00AE-F670-2120A0E14FFE}"
EndProject
Project("{2150E333-8FDC-42A3-9474-1A3956D46DE8}") = "pymavlink", "pymavlink", "{674FD4D9-AE55-2564-4E7E-76A3259B2F4B}"
EndProject
Project("{2150E333-8FDC-42A3-9474-1A3956D46DE8}") = "generator", "generator", "{108B45F1-69AD-D187-DAFE-F3283B8C661F}"
EndProject
Project("{2150E333-8FDC-42A3-9474-1A3956D46DE8}") = "CS", "CS", "{8BA830B6-743D-B78C-154B-EDF965B1AB37}"
EndProject
Project("{FAE04EC0-301F-11D3-BF4B-00C04F79EFBC}") = "MAVLink", "env\Lib\site-packages\pymavlink\generator\CS\MAVLink.csproj", "{4295E125-A963-36C6-AC40-CEF424CFD8C7}"
EndProject
Project("{2150E333-8FDC-42A3-9474-1A3956D46DE8}") = "Lib", "Lib", "{32EFE0E7-BB31-3F3C-4587-6C0021A00D63}"
EndProject
Project("{2150E333-8FDC-42A3-9474-1A3956D46DE8}") = "site-packages", "site-packages", "{3623AA7E-0020-D6AA-1DD3-538930F80BCA}"
EndProject
Project("{2150E333-8FDC-42A3-9474-1A3956D46DE8}") = "pymavlink", "pymavlink", "{F437BE84-3799-3019-BC30-29AC956B1C0F}"
EndProject
Project("{2150E333-8FDC-42A3-9474-1A3956D46DE8}") = "generator", "generator", "{58DA65AC-6BAD-17E5-29BF-04DE54BD0D61}"
EndProject
Project("{2150E333-8FDC-42A3-9474-1A3956D46DE8}") = "CS", "CS", "{0DF8228E-4ED7-6554-B595-9D66E89EA4B7}"
EndProject
Project("{FAE04EC0-301F-11D3-BF4B-00C04F79EFBC}") = "MAVLink", "venv\Lib\site-packages\pymavlink\generator\CS\MAVLink.csproj", "{7EE56827-267E-060C-4576-2FB3EFAFE5B6}"
EndProject
Global
	GlobalSection(SolutionConfigurationPlatforms) = preSolution
		Debug|Any CPU = Debug|Any CPU
		Release|Any CPU = Release|Any CPU
	EndGlobalSection
	GlobalSection(ProjectConfigurationPlatforms) = postSolution
		{4295E125-A963-36C6-AC40-CEF424CFD8C7}.Debug|Any CPU.ActiveCfg = Debug|Any CPU
		{4295E125-A963-36C6-AC40-CEF424CFD8C7}.Debug|Any CPU.Build.0 = Debug|Any CPU
		{4295E125-A963-36C6-AC40-CEF424CFD8C7}.Release|Any CPU.ActiveCfg = Release|Any CPU
		{4295E125-A963-36C6-AC40-CEF424CFD8C7}.Release|Any CPU.Build.0 = Release|Any CPU
		{7EE56827-267E-060C-4576-2FB3EFAFE5B6}.Debug|Any CPU.ActiveCfg = Debug|Any CPU
		{7EE56827-267E-060C-4576-2FB3EFAFE5B6}.Debug|Any CPU.Build.0 = Debug|Any CPU
		{7EE56827-267E-060C-4576-2FB3EFAFE5B6}.Release|Any CPU.ActiveCfg = Release|Any CPU
		{7EE56827-267E-060C-4576-2FB3EFAFE5B6}.Release|Any CPU.Build.0 = Release|Any CPU
	EndGlobalSection
	GlobalSection(SolutionProperties) = preSolution
		HideSolutionNode = FALSE
	EndGlobalSection
	GlobalSection(NestedProjects) = preSolution
		{AF884F55-EFD9-B56F-6177-079ADAE21870} = {16CB69B2-0419-FDDD-29AD-0C58FA89E8D4}
		{19FF5FE6-C431-00AE-F670-2120A0E14FFE} = {AF884F55-EFD9-B56F-6177-079ADAE21870}
		{674FD4D9-AE55-2564-4E7E-76A3259B2F4B} = {19FF5FE6-C431-00AE-F670-2120A0E14FFE}
		{108B45F1-69AD-D187-DAFE-F3283B8C661F} = {674FD4D9-AE55-2564-4E7E-76A3259B2F4B}
		{8BA830B6-743D-B78C-154B-EDF965B1AB37} = {108B45F1-69AD-D187-DAFE-F3283B8C661F}
		{4295E125-A963-36C6-AC40-CEF424CFD8C7} = {8BA830B6-743D-B78C-154B-EDF965B1AB37}
		{32EFE0E7-BB31-3F3C-4587-6C0021A00D63} = {05F94FD3-B77B-E2F0-500B-568E6F852E0C}
		{3623AA7E-0020-D6AA-1DD3-538930F80BCA} = {32EFE0E7-BB31-3F3C-4587-6C0021A00D63}
		{F437BE84-3799-3019-BC30-29AC956B1C0F} = {3623AA7E-0020-D6AA-1DD3-538930F80BCA}
		{58DA65AC-6BAD-17E5-29BF-04DE54BD0D61} = {F437BE84-3799-3019-BC30-29AC956B1C0F}
		{0DF8228E-4ED7-6554-B595-9D66E89EA4B7} = {58DA65AC-6BAD-17E5-29BF-04DE54BD0D61}
		{7EE56827-267E-060C-4576-2FB3EFAFE5B6} = {0DF8228E-4ED7-6554-B595-9D66E89EA4B7}
	EndGlobalSection
	GlobalSection(ExtensibilityGlobals) = postSolution
		SolutionGuid = {45614A11-F18F-433E-97A5-1A53D23B3429}
	EndGlobalSection
EndGlobal
